// !$*UTF8*$!
{
	archiveVersion = 1;
	classes = {
	};
	objectVersion = 46;
	objects = {

/* Begin PBXBuildFile section */
		8F36F2948F74AE09EA72376E /* Main.storyboard in Resources */ = {isa = PBXBuildFile; fileRef = 8F36F26DC6A69D76A2852B3F /* Main.storyboard */; };
		8F36F679D2C1C7865F9E156E /* AppDelegate.swift in Sources */ = {isa = PBXBuildFile; fileRef = 8F36FF6E0507365C05934024 /* AppDelegate.swift */; };
		8F36F67ADBC081F41A2DF7BA /* Unity_Toolbox.entitlements in Resources */ = {isa = PBXBuildFile; fileRef = 8F36F6ACF4453C3C570A0CAA /* Unity_Toolbox.entitlements */; };
		8F36F93DA06D6716688BE75B /* ViewController.swift in Sources */ = {isa = PBXBuildFile; fileRef = 8F36FC3E479BEFD08F0C0C66 /* ViewController.swift */; };
		8F36FFE4C17774DF8CC1203E /* Assets.xcassets in Resources */ = {isa = PBXBuildFile; fileRef = 8F36F5A8857917E8E1BB88AE /* Assets.xcassets */; };
/* End PBXBuildFile section */

/* Begin PBXFileReference section */
		8F36F23BBF36AF3A1460ECAD /* Info.plist */ = {isa = PBXFileReference; lastKnownFileType = text.plist.info; path = Info.plist; sourceTree = "<group>"; };
		8F36F5A8857917E8E1BB88AE /* Assets.xcassets */ = {isa = PBXFileReference; lastKnownFileType = folder.assetcatalog; path = Assets.xcassets; sourceTree = "<group>"; };
		8F36F6ACF4453C3C570A0CAA /* Unity_Toolbox.entitlements */ = {isa = PBXFileReference; lastKnownFileType = text.plist.entitlements; path = Unity_Toolbox.entitlements; sourceTree = "<group>"; };
		8F36F71E68B1349597E4D501 /* Unity Toolbox.app */ = {isa = PBXFileReference; explicitFileType = wrapper.application; includeInIndex = 0; path = "Unity Toolbox.app"; sourceTree = BUILT_PRODUCTS_DIR; };
		8F36FC3E479BEFD08F0C0C66 /* ViewController.swift */ = {isa = PBXFileReference; lastKnownFileType = sourcecode.swift; path = ViewController.swift; sourceTree = "<group>"; };
		8F36FCB0CB8ABC4274158649 /* Base */ = {isa = PBXFileReference; lastKnownFileType = file.storyboard; name = Base; path = Base.lproj/Main.storyboard; sourceTree = "<group>"; };
		8F36FF6E0507365C05934024 /* AppDelegate.swift */ = {isa = PBXFileReference; lastKnownFileType = sourcecode.swift; path = AppDelegate.swift; sourceTree = "<group>"; };
/* End PBXFileReference section */

/* Begin PBXFrameworksBuildPhase section */
		8F36F1DB90DDFB899723CF3A /* Frameworks */ = {
			isa = PBXFrameworksBuildPhase;
			buildActionMask = 2147483647;
			files = (
			);
			runOnlyForDeploymentPostprocessing = 0;
		};
/* End PBXFrameworksBuildPhase section */

/* Begin PBXGroup section */
		8F36F1B75A7B3D244EF6EC2E = {
			isa = PBXGroup;
			children = (
				8F36F775DA34040D9416CF0E /* Products */,
				8F36F949AB7F7FD5D91F112A /* Unity Toolbox */,
			);
			sourceTree = "<group>";
		};
		8F36F775DA34040D9416CF0E /* Products */ = {
			isa = PBXGroup;
			children = (
				8F36F71E68B1349597E4D501 /* Unity Toolbox.app */,
			);
			name = Products;
			sourceTree = "<group>";
		};
		8F36F949AB7F7FD5D91F112A /* Unity Toolbox */ = {
			isa = PBXGroup;
			children = (
				8F36F23BBF36AF3A1460ECAD /* Info.plist */,
				8F36F5A8857917E8E1BB88AE /* Assets.xcassets */,
				8F36F6ACF4453C3C570A0CAA /* Unity_Toolbox.entitlements */,
				8F36FF6E0507365C05934024 /* AppDelegate.swift */,
				8F36F26DC6A69D76A2852B3F /* Main.storyboard */,
				8F36FC3E479BEFD08F0C0C66 /* ViewController.swift */,
			);
			path = "Unity Toolbox";
			sourceTree = "<group>";
		};
/* End PBXGroup section */

/* Begin PBXNativeTarget section */
		8F36F29E9BD074F3623857DD /* Unity Toolbox */ = {
			isa = PBXNativeTarget;
			buildConfigurationList = 8F36FF2A4BCE30D485D205DB /* Build configuration list for PBXNativeTarget "Unity Toolbox" */;
			buildPhases = (
				8F36F07ADF4A0C96E4C800E5 /* Sources */,
				8F36F1DB90DDFB899723CF3A /* Frameworks */,
				8F36FC41B67BFC0113EACD0D /* Resources */,
			);
			buildRules = (
			);
			dependencies = (
			);
			name = "Unity Toolbox";
			productName = "Unity Toolbox";
			productReference = 8F36F71E68B1349597E4D501 /* Unity Toolbox.app */;
			productType = "com.apple.product-type.application";
		};
/* End PBXNativeTarget section */

/* Begin PBXProject section */
		8F36F182F654241275AFEB74 /* Project object */ = {
			isa = PBXProject;
			attributes = {
				ORGANIZATIONNAME = ZYXW;
			};
			buildConfigurationList = 8F36F7330F51AB36D4BEEA65 /* Build configuration list for PBXProject "Unity Toolbox" */;
			compatibilityVersion = "Xcode 3.2";
			developmentRegion = English;
			hasScannedForEncodings = 0;
			knownRegions = (
				en,
			);
			mainGroup = 8F36F1B75A7B3D244EF6EC2E;
			productRefGroup = 8F36F775DA34040D9416CF0E /* Products */;
			projectDirPath = "";
			projectRoot = "";
			targets = (
				8F36F29E9BD074F3623857DD /* Unity Toolbox */,
			);
		};
/* End PBXProject section */

/* Begin PBXResourcesBuildPhase section */
		8F36FC41B67BFC0113EACD0D /* Resources */ = {
			isa = PBXResourcesBuildPhase;
			buildActionMask = 2147483647;
			files = (
				8F36FFE4C17774DF8CC1203E /* Assets.xcassets in Resources */,
				8F36F67ADBC081F41A2DF7BA /* Unity_Toolbox.entitlements in Resources */,
				8F36F2948F74AE09EA72376E /* Main.storyboard in Resources */,
			);
			runOnlyForDeploymentPostprocessing = 0;
		};
/* End PBXResourcesBuildPhase section */

/* Begin PBXSourcesBuildPhase section */
		8F36F07ADF4A0C96E4C800E5 /* Sources */ = {
			isa = PBXSourcesBuildPhase;
			buildActionMask = 2147483647;
			files = (
				8F36F679D2C1C7865F9E156E /* AppDelegate.swift in Sources */,
				8F36F93DA06D6716688BE75B /* ViewController.swift in Sources */,
			);
			runOnlyForDeploymentPostprocessing = 0;
		};
/* End PBXSourcesBuildPhase section */

/* Begin PBXVariantGroup section */
		8F36F26DC6A69D76A2852B3F /* Main.storyboard */ = {
			isa = PBXVariantGroup;
			children = (
				8F36FCB0CB8ABC4274158649 /* Base */,
			);
			name = Main.storyboard;
			sourceTree = "<group>";
		};
/* End PBXVariantGroup section */

/* Begin XCBuildConfiguration section */
		8F36F65EB6D8428784FBA8EE /* Debug */ = {
			isa = XCBuildConfiguration;
			buildSettings = {
				ALWAYS_SEARCH_USER_PATHS = NO;
				CLANG_ANALYZER_NONNULL = YES;
				CLANG_ANALYZER_NUMBER_OBJECT_CONVERSION = YES_AGGRESSIVE;
				CLANG_CXX_LANGUAGE_STANDARD = "gnu++14";
				CLANG_CXX_LIBRARY = "libc++";
				CLANG_ENABLE_MODULES = YES;
				CLANG_ENABLE_OBJC_ARC = YES;
				CLANG_WARN_BLOCK_CAPTURE_AUTORELEASING = YES;
				CLANG_WARN_BOOL_CONVERSION = YES;
				CLANG_WARN_COMMA = YES;
				CLANG_WARN_CONSTANT_CONVERSION = YES;
				CLANG_WARN_DIRECT_OBJC_ISA_USAGE = YES_ERROR;
				CLANG_WARN_DOCUMENTATION_COMMENTS = YES;
				CLANG_WARN_EMPTY_BODY = YES;
				CLANG_WARN_ENUM_CONVERSION = YES;
				CLANG_WARN_INFINITE_RECURSION = YES;
				CLANG_WARN_INT_CONVERSION = YES;
				CLANG_WARN_NON_LITERAL_NULL_CONVERSION = YES;
				CLANG_WARN_OBJC_LITERAL_CONVERSION = YES;
				CLANG_WARN_OBJC_ROOT_CLASS = YES_ERROR;
				CLANG_WARN_RANGE_LOOP_ANALYSIS = YES;
				CLANG_WARN_STRICT_PROTOTYPES = YES;
				CLANG_WARN_SUSPICIOUS_MOVE = YES;
				CLANG_WARN_UNGUARDED_AVAILABILITY = YES_AGGRESSIVE;
				CLANG_WARN_UNREACHABLE_CODE = YES;
				CLANG_WARN__DUPLICATE_METHOD_MATCH = YES;
				CODE_SIGN_IDENTITY = "-";
				COPY_PHASE_STRIP = NO;
				DEBUG_INFORMATION_FORMAT = dwarf;
				ENABLE_STRICT_OBJC_MSGSEND = YES;
				ENABLE_TESTABILITY = YES;
				GCC_C_LANGUAGE_STANDARD = gnu11;
				GCC_DYNAMIC_NO_PIC = NO;
				GCC_NO_COMMON_BLOCKS = YES;
				GCC_OPTIMIZATION_LEVEL = 0;
				GCC_PREPROCESSOR_DEFINITIONS = (
					"DEBUG=1",
					"$(inherited)",
				);
				GCC_WARN_64_TO_32_BIT_CONVERSION = YES;
				GCC_WARN_ABOUT_RETURN_TYPE = YES_ERROR;
				GCC_WARN_UNDECLARED_SELECTOR = YES;
				GCC_WARN_UNINITIALIZED_AUTOS = YES_AGGRESSIVE;
				GCC_WARN_UNUSED_FUNCTION = YES;
				GCC_WARN_UNUSED_VARIABLE = YES;
				MACOSX_DEPLOYMENT_TARGET = 10.12;
				MTL_ENABLE_DEBUG_INFO = YES;
				ONLY_ACTIVE_ARCH = YES;
				SDKROOT = macosx;
				SWIFT_ACTIVE_COMPILATION_CONDITIONS = DEBUG;
				SWIFT_OPTIMIZATION_LEVEL = "-Onone";
			};
			name = Debug;
		};
		8F36FA3BF55090539371874D /* Release */ = {
			isa = XCBuildConfiguration;
			buildSettings = {
				ASSETCATALOG_COMPILER_APPICON_NAME = AppIcon;
				CODE_SIGN_ENTITLEMENTS = "Unity Toolbox/Unity_Toolbox.entitlements";
				COMBINE_HIDPI_IMAGES = YES;
				INFOPLIST_FILE = "Unity Toolbox/Info.plist";
				LD_RUNPATH_SEARCH_PATHS = "$(inherited) @executable_path/../Frameworks";
				PRODUCT_BUNDLE_IDENTIFIER = "com.zyxw.unity.toolbox.Unity-Toolbox";
				PRODUCT_NAME = "$(TARGET_NAME)";
				SWIFT_VERSION = 4.0;
			};
			name = Release;
		};
		8F36FD67646625A9CE542BA1 /* Release */ = {
			isa = XCBuildConfiguration;
			buildSettings = {
				ALWAYS_SEARCH_USER_PATHS = NO;
				CLANG_ANALYZER_NONNULL = YES;
				CLANG_ANALYZER_NUMBER_OBJECT_CONVERSION = YES_AGGRESSIVE;
				CLANG_CXX_LANGUAGE_STANDARD = "gnu++14";
				CLANG_CXX_LIBRARY = "libc++";
				CLANG_ENABLE_MODULES = YES;
				CLANG_ENABLE_OBJC_ARC = YES;
				CLANG_WARN_BLOCK_CAPTURE_AUTORELEASING = YES;
				CLANG_WARN_BOOL_CONVERSION = YES;
				CLANG_WARN_COMMA = YES;
				CLANG_WARN_CONSTANT_CONVERSION = YES;
				CLANG_WARN_DIRECT_OBJC_ISA_USAGE = YES_ERROR;
				CLANG_WARN_DOCUMENTATION_COMMENTS = YES;
				CLANG_WARN_EMPTY_BODY = YES;
				CLANG_WARN_ENUM_CONVERSION = YES;
				CLANG_WARN_INFINITE_RECURSION = YES;
				CLANG_WARN_INT_CONVERSION = YES;
				CLANG_WARN_NON_LITERAL_NULL_CONVERSION = YES;
				CLANG_WARN_OBJC_LITERAL_CONVERSION = YES;
				CLANG_WARN_OBJC_ROOT_CLASS = YES_ERROR;
				CLANG_WARN_RANGE_LOOP_ANALYSIS = YES;
				CLANG_WARN_STRICT_PROTOTYPES = YES;
				CLANG_WARN_SUSPICIOUS_MOVE = YES;
				CLANG_WARN_UNGUARDED_AVAILABILITY = YES_AGGRESSIVE;
				CLANG_WARN_UNREACHABLE_CODE = YES;
				CLANG_WARN__DUPLICATE_METHOD_MATCH = YES;
				CODE_SIGN_IDENTITY = "-";
				COPY_PHASE_STRIP = NO;
				DEBUG_INFORMATION_FORMAT = "dwarf-with-dsym";
				ENABLE_NS_ASSERTIONS = NO;
				ENABLE_STRICT_OBJC_MSGSEND = YES;
				GCC_C_LANGUAGE_STANDARD = gnu11;
				GCC_NO_COMMON_BLOCKS = YES;
				GCC_WARN_64_TO_32_BIT_CONVERSION = YES;
				GCC_WARN_ABOUT_RETURN_TYPE = YES_ERROR;
				GCC_WARN_UNDECLARED_SELECTOR = YES;
				GCC_WARN_UNINITIALIZED_AUTOS = YES_AGGRESSIVE;
				GCC_WARN_UNUSED_FUNCTION = YES;
				GCC_WARN_UNUSED_VARIABLE = YES;
				MACOSX_DEPLOYMENT_TARGET = 10.12;
				MTL_ENABLE_DEBUG_INFO = NO;
				SDKROOT = macosx;
				SWIFT_OPTIMIZATION_LEVEL = "-Owholemodule";
			};
			name = Release;
		};
		8F36FFAAE2AF5BB3423C76B1 /* Debug */ = {
			isa = XCBuildConfiguration;
			buildSettings = {
				ASSETCATALOG_COMPILER_APPICON_NAME = AppIcon;
				CODE_SIGN_ENTITLEMENTS = "Unity Toolbox/Unity_Toolbox.entitlements";
				COMBINE_HIDPI_IMAGES = YES;
				INFOPLIST_FILE = "Unity Toolbox/Info.plist";
				LD_RUNPATH_SEARCH_PATHS = "$(inherited) @executable_path/../Frameworks";
				PRODUCT_BUNDLE_IDENTIFIER = "com.zyxw.unity.toolbox.Unity-Toolbox";
				PRODUCT_NAME = "$(TARGET_NAME)";
				SWIFT_VERSION = 4.0;
			};
			name = Debug;
		};
/* End XCBuildConfiguration section */

/* Begin XCConfigurationList section */
		8F36F7330F51AB36D4BEEA65 /* Build configuration list for PBXProject "Unity Toolbox" */ = {
			isa = XCConfigurationList;
			buildConfigurations = (
				8F36F65EB6D8428784FBA8EE /* Debug */,
				8F36FD67646625A9CE542BA1 /* Release */,
			);
			defaultConfigurationIsVisible = 0;
			defaultConfigurationName = Release;
		};
		8F36FF2A4BCE30D485D205DB /* Build configuration list for PBXNativeTarget "Unity Toolbox" */ = {
			isa = XCConfigurationList;
			buildConfigurations = (
				8F36FFAAE2AF5BB3423C76B1 /* Debug */,
				8F36FA3BF55090539371874D /* Release */,
			);
			defaultConfigurationIsVisible = 0;
		};
/* End XCConfigurationList section */
	};
	rootObject = 8F36F182F654241275AFEB74 /* Project object */;
}
